
Microsoft Visual Studio Solution File, Format Version 12.00
# Visual Studio 14
VisualStudioVersion = 14.0.23107.0
MinimumVisualStudioVersion = 10.0.40219.1
Project("{FAE04EC0-301F-11D3-BF4B-00C04F79EFBC}") = "MetadataExtractor.net45", "MetadataExtractor\MetadataExtractor.net45.csproj", "{26E27564-A74F-423B-A986-E979988F259D}"
EndProject
Project("{FAE04EC0-301F-11D3-BF4B-00C04F79EFBC}") = "MetadataExtractor.Tests", "MetadataExtractor.Tests\MetadataExtractor.Tests.csproj", "{07AFC815-EDBB-4CF8-B555-86B6CADE7D0F}"
EndProject
Project("{2150E333-8FDC-42A3-9474-1A3956D46DE8}") = "Solution Items", "Solution Items", "{8CF154EA-6A2C-4BF4-B263-78758F834192}"
	ProjectSection(SolutionItems) = preProject
		LICENSE = LICENSE
		README.md = README.md
		SharedAssemblyInfo.cs = SharedAssemblyInfo.cs
	EndProjectSection
EndProject
Project("{FAE04EC0-301F-11D3-BF4B-00C04F79EFBC}") = "MetadataExtractor.Tools.FileProcessor", "MetadataExtractor.Tools.FileProcessor\MetadataExtractor.Tools.FileProcessor.csproj", "{CEBF4390-E9B8-4EB1-9B33-C2C087C9DADA}"
EndProject
Project("{FAE04EC0-301F-11D3-BF4B-00C04F79EFBC}") = "MetadataExtractor.Tools.JpegSegmentExtractor", "MetadataExtractor.Tools.JpegSegmentExtractor\MetadataExtractor.Tools.JpegSegmentExtractor.csproj", "{B7BED0C7-F73D-4F58-AE3D-A9131405D62B}"
EndProject
Project("{FAE04EC0-301F-11D3-BF4B-00C04F79EFBC}") = "MetadataExtractor.net35", "MetadataExtractor\MetadataExtractor.net35.csproj", "{D09E58A4-9758-4BEA-9981-1BDE7CE4D2FB}"
EndProject
Project("{FAE04EC0-301F-11D3-BF4B-00C04F79EFBC}") = "MetadataExtractor.netPortable", "MetadataExtractor\MetadataExtractor.netPortable.csproj", "{3374713F-E184-405B-93D9-BBA2F1DAE3B7}"
EndProject
Project("{FAE04EC0-301F-11D3-BF4B-00C04F79EFBC}") = "MetadataExtractor.netPortable.Tests.Windows", "MetadataExtractor.netPortable.Tests.Windows\MetadataExtractor.netPortable.Tests.Windows.csproj", "{B3D61020-49E4-4EB9-BD77-BE08565222A5}"
EndProject
Global
	GlobalSection(SolutionConfigurationPlatforms) = preSolution
		Debug|Any CPU = Debug|Any CPU
		Debug|ARM = Debug|ARM
		Debug|x64 = Debug|x64
		Debug|x86 = Debug|x86
		Release|Any CPU = Release|Any CPU
		Release|ARM = Release|ARM
		Release|x64 = Release|x64
		Release|x86 = Release|x86
	EndGlobalSection
	GlobalSection(ProjectConfigurationPlatforms) = postSolution
		{26E27564-A74F-423B-A986-E979988F259D}.Debug|Any CPU.ActiveCfg = Debug|Any CPU
		{26E27564-A74F-423B-A986-E979988F259D}.Debug|Any CPU.Build.0 = Debug|Any CPU
		{26E27564-A74F-423B-A986-E979988F259D}.Debug|ARM.ActiveCfg = Debug|Any CPU
		{26E27564-A74F-423B-A986-E979988F259D}.Debug|ARM.Build.0 = Debug|Any CPU
		{26E27564-A74F-423B-A986-E979988F259D}.Debug|x64.ActiveCfg = Debug|Any CPU
		{26E27564-A74F-423B-A986-E979988F259D}.Debug|x64.Build.0 = Debug|Any CPU
		{26E27564-A74F-423B-A986-E979988F259D}.Debug|x86.ActiveCfg = Debug|Any CPU
		{26E27564-A74F-423B-A986-E979988F259D}.Debug|x86.Build.0 = Debug|Any CPU
		{26E27564-A74F-423B-A986-E979988F259D}.Release|Any CPU.ActiveCfg = Release|Any CPU
		{26E27564-A74F-423B-A986-E979988F259D}.Release|Any CPU.Build.0 = Release|Any CPU
		{26E27564-A74F-423B-A986-E979988F259D}.Release|ARM.ActiveCfg = Release|Any CPU
		{26E27564-A74F-423B-A986-E979988F259D}.Release|ARM.Build.0 = Release|Any CPU
		{26E27564-A74F-423B-A986-E979988F259D}.Release|x64.ActiveCfg = Release|Any CPU
		{26E27564-A74F-423B-A986-E979988F259D}.Release|x64.Build.0 = Release|Any CPU
		{26E27564-A74F-423B-A986-E979988F259D}.Release|x86.ActiveCfg = Release|Any CPU
		{26E27564-A74F-423B-A986-E979988F259D}.Release|x86.Build.0 = Release|Any CPU
		{07AFC815-EDBB-4CF8-B555-86B6CADE7D0F}.Debug|Any CPU.ActiveCfg = Debug|Any CPU
		{07AFC815-EDBB-4CF8-B555-86B6CADE7D0F}.Debug|Any CPU.Build.0 = Debug|Any CPU
		{07AFC815-EDBB-4CF8-B555-86B6CADE7D0F}.Debug|ARM.ActiveCfg = Debug|Any CPU
		{07AFC815-EDBB-4CF8-B555-86B6CADE7D0F}.Debug|ARM.Build.0 = Debug|Any CPU
		{07AFC815-EDBB-4CF8-B555-86B6CADE7D0F}.Debug|x64.ActiveCfg = Debug|Any CPU
		{07AFC815-EDBB-4CF8-B555-86B6CADE7D0F}.Debug|x64.Build.0 = Debug|Any CPU
		{07AFC815-EDBB-4CF8-B555-86B6CADE7D0F}.Debug|x86.ActiveCfg = Debug|Any CPU
		{07AFC815-EDBB-4CF8-B555-86B6CADE7D0F}.Debug|x86.Build.0 = Debug|Any CPU
		{07AFC815-EDBB-4CF8-B555-86B6CADE7D0F}.Release|Any CPU.ActiveCfg = Release|Any CPU
		{07AFC815-EDBB-4CF8-B555-86B6CADE7D0F}.Release|Any CPU.Build.0 = Release|Any CPU
		{07AFC815-EDBB-4CF8-B555-86B6CADE7D0F}.Release|ARM.ActiveCfg = Release|Any CPU
		{07AFC815-EDBB-4CF8-B555-86B6CADE7D0F}.Release|ARM.Build.0 = Release|Any CPU
		{07AFC815-EDBB-4CF8-B555-86B6CADE7D0F}.Release|x64.ActiveCfg = Release|Any CPU
		{07AFC815-EDBB-4CF8-B555-86B6CADE7D0F}.Release|x64.Build.0 = Release|Any CPU
		{07AFC815-EDBB-4CF8-B555-86B6CADE7D0F}.Release|x86.ActiveCfg = Release|Any CPU
		{07AFC815-EDBB-4CF8-B555-86B6CADE7D0F}.Release|x86.Build.0 = Release|Any CPU
		{CEBF4390-E9B8-4EB1-9B33-C2C087C9DADA}.Debug|Any CPU.ActiveCfg = Debug|Any CPU
		{CEBF4390-E9B8-4EB1-9B33-C2C087C9DADA}.Debug|Any CPU.Build.0 = Debug|Any CPU
		{CEBF4390-E9B8-4EB1-9B33-C2C087C9DADA}.Debug|ARM.ActiveCfg = Debug|Any CPU
		{CEBF4390-E9B8-4EB1-9B33-C2C087C9DADA}.Debug|ARM.Build.0 = Debug|Any CPU
		{CEBF4390-E9B8-4EB1-9B33-C2C087C9DADA}.Debug|x64.ActiveCfg = Debug|Any CPU
		{CEBF4390-E9B8-4EB1-9B33-C2C087C9DADA}.Debug|x64.Build.0 = Debug|Any CPU
		{CEBF4390-E9B8-4EB1-9B33-C2C087C9DADA}.Debug|x86.ActiveCfg = Debug|Any CPU
		{CEBF4390-E9B8-4EB1-9B33-C2C087C9DADA}.Debug|x86.Build.0 = Debug|Any CPU
		{CEBF4390-E9B8-4EB1-9B33-C2C087C9DADA}.Release|Any CPU.ActiveCfg = Release|Any CPU
		{CEBF4390-E9B8-4EB1-9B33-C2C087C9DADA}.Release|Any CPU.Build.0 = Release|Any CPU
		{CEBF4390-E9B8-4EB1-9B33-C2C087C9DADA}.Release|ARM.ActiveCfg = Release|Any CPU
		{CEBF4390-E9B8-4EB1-9B33-C2C087C9DADA}.Release|ARM.Build.0 = Release|Any CPU
		{CEBF4390-E9B8-4EB1-9B33-C2C087C9DADA}.Release|x64.ActiveCfg = Release|Any CPU
		{CEBF4390-E9B8-4EB1-9B33-C2C087C9DADA}.Release|x64.Build.0 = Release|Any CPU
		{CEBF4390-E9B8-4EB1-9B33-C2C087C9DADA}.Release|x86.ActiveCfg = Release|Any CPU
		{CEBF4390-E9B8-4EB1-9B33-C2C087C9DADA}.Release|x86.Build.0 = Release|Any CPU
		{B7BED0C7-F73D-4F58-AE3D-A9131405D62B}.Debug|Any CPU.ActiveCfg = Debug|Any CPU
		{B7BED0C7-F73D-4F58-AE3D-A9131405D62B}.Debug|Any CPU.Build.0 = Debug|Any CPU
		{B7BED0C7-F73D-4F58-AE3D-A9131405D62B}.Debug|ARM.ActiveCfg = Debug|Any CPU
		{B7BED0C7-F73D-4F58-AE3D-A9131405D62B}.Debug|ARM.Build.0 = Debug|Any CPU
		{B7BED0C7-F73D-4F58-AE3D-A9131405D62B}.Debug|x64.ActiveCfg = Debug|Any CPU
		{B7BED0C7-F73D-4F58-AE3D-A9131405D62B}.Debug|x64.Build.0 = Debug|Any CPU
		{B7BED0C7-F73D-4F58-AE3D-A9131405D62B}.Debug|x86.ActiveCfg = Debug|Any CPU
		{B7BED0C7-F73D-4F58-AE3D-A9131405D62B}.Debug|x86.Build.0 = Debug|Any CPU
		{B7BED0C7-F73D-4F58-AE3D-A9131405D62B}.Release|Any CPU.ActiveCfg = Release|Any CPU
		{B7BED0C7-F73D-4F58-AE3D-A9131405D62B}.Release|Any CPU.Build.0 = Release|Any CPU
		{B7BED0C7-F73D-4F58-AE3D-A9131405D62B}.Release|ARM.ActiveCfg = Release|Any CPU
		{B7BED0C7-F73D-4F58-AE3D-A9131405D62B}.Release|ARM.Build.0 = Release|Any CPU
		{B7BED0C7-F73D-4F58-AE3D-A9131405D62B}.Release|x64.ActiveCfg = Release|Any CPU
		{B7BED0C7-F73D-4F58-AE3D-A9131405D62B}.Release|x64.Build.0 = Release|Any CPU
		{B7BED0C7-F73D-4F58-AE3D-A9131405D62B}.Release|x86.ActiveCfg = Release|Any CPU
		{B7BED0C7-F73D-4F58-AE3D-A9131405D62B}.Release|x86.Build.0 = Release|Any CPU
		{D09E58A4-9758-4BEA-9981-1BDE7CE4D2FB}.Debug|Any CPU.ActiveCfg = Debug|Any CPU
		{D09E58A4-9758-4BEA-9981-1BDE7CE4D2FB}.Debug|Any CPU.Build.0 = Debug|Any CPU
		{D09E58A4-9758-4BEA-9981-1BDE7CE4D2FB}.Debug|ARM.ActiveCfg = Debug|Any CPU
		{D09E58A4-9758-4BEA-9981-1BDE7CE4D2FB}.Debug|ARM.Build.0 = Debug|Any CPU
		{D09E58A4-9758-4BEA-9981-1BDE7CE4D2FB}.Debug|x64.ActiveCfg = Debug|Any CPU
		{D09E58A4-9758-4BEA-9981-1BDE7CE4D2FB}.Debug|x64.Build.0 = Debug|Any CPU
		{D09E58A4-9758-4BEA-9981-1BDE7CE4D2FB}.Debug|x86.ActiveCfg = Debug|Any CPU
		{D09E58A4-9758-4BEA-9981-1BDE7CE4D2FB}.Debug|x86.Build.0 = Debug|Any CPU
		{D09E58A4-9758-4BEA-9981-1BDE7CE4D2FB}.Release|Any CPU.ActiveCfg = Release|Any CPU
		{D09E58A4-9758-4BEA-9981-1BDE7CE4D2FB}.Release|Any CPU.Build.0 = Release|Any CPU
		{D09E58A4-9758-4BEA-9981-1BDE7CE4D2FB}.Release|ARM.ActiveCfg = Release|Any CPU
		{D09E58A4-9758-4BEA-9981-1BDE7CE4D2FB}.Release|ARM.Build.0 = Release|Any CPU
		{D09E58A4-9758-4BEA-9981-1BDE7CE4D2FB}.Release|x64.ActiveCfg = Release|Any CPU
		{D09E58A4-9758-4BEA-9981-1BDE7CE4D2FB}.Release|x64.Build.0 = Release|Any CPU
		{D09E58A4-9758-4BEA-9981-1BDE7CE4D2FB}.Release|x86.ActiveCfg = Release|Any CPU
		{D09E58A4-9758-4BEA-9981-1BDE7CE4D2FB}.Release|x86.Build.0 = Release|Any CPU
		{3374713F-E184-405B-93D9-BBA2F1DAE3B7}.Debug|Any CPU.ActiveCfg = Debug|Any CPU
		{3374713F-E184-405B-93D9-BBA2F1DAE3B7}.Debug|Any CPU.Build.0 = Debug|Any CPU
		{3374713F-E184-405B-93D9-BBA2F1DAE3B7}.Debug|ARM.ActiveCfg = Debug|Any CPU
		{3374713F-E184-405B-93D9-BBA2F1DAE3B7}.Debug|ARM.Build.0 = Debug|Any CPU
		{3374713F-E184-405B-93D9-BBA2F1DAE3B7}.Debug|x64.ActiveCfg = Debug|Any CPU
		{3374713F-E184-405B-93D9-BBA2F1DAE3B7}.Debug|x64.Build.0 = Debug|Any CPU
		{3374713F-E184-405B-93D9-BBA2F1DAE3B7}.Debug|x86.ActiveCfg = Debug|Any CPU
		{3374713F-E184-405B-93D9-BBA2F1DAE3B7}.Debug|x86.Build.0 = Debug|Any CPU
		{3374713F-E184-405B-93D9-BBA2F1DAE3B7}.Release|Any CPU.ActiveCfg = Release|Any CPU
		{3374713F-E184-405B-93D9-BBA2F1DAE3B7}.Release|Any CPU.Build.0 = Release|Any CPU
		{3374713F-E184-405B-93D9-BBA2F1DAE3B7}.Release|ARM.ActiveCfg = Release|Any CPU
		{3374713F-E184-405B-93D9-BBA2F1DAE3B7}.Release|ARM.Build.0 = Release|Any CPU
		{3374713F-E184-405B-93D9-BBA2F1DAE3B7}.Release|x64.ActiveCfg = Release|Any CPU
		{3374713F-E184-405B-93D9-BBA2F1DAE3B7}.Release|x64.Build.0 = Release|Any CPU
		{3374713F-E184-405B-93D9-BBA2F1DAE3B7}.Release|x86.ActiveCfg = Release|Any CPU
		{3374713F-E184-405B-93D9-BBA2F1DAE3B7}.Release|x86.Build.0 = Release|Any CPU
		{B3D61020-49E4-4EB9-BD77-BE08565222A5}.Debug|Any CPU.ActiveCfg = Debug|Any CPU
		{B3D61020-49E4-4EB9-BD77-BE08565222A5}.Debug|Any CPU.Build.0 = Debug|Any CPU
		{B3D61020-49E4-4EB9-BD77-BE08565222A5}.Debug|Any CPU.Deploy.0 = Debug|Any CPU
		{B3D61020-49E4-4EB9-BD77-BE08565222A5}.Debug|ARM.ActiveCfg = Debug|ARM
		{B3D61020-49E4-4EB9-BD77-BE08565222A5}.Debug|ARM.Build.0 = Debug|ARM
		{B3D61020-49E4-4EB9-BD77-BE08565222A5}.Debug|ARM.Deploy.0 = Debug|ARM
		{B3D61020-49E4-4EB9-BD77-BE08565222A5}.Debug|x64.ActiveCfg = Debug|x64
		{B3D61020-49E4-4EB9-BD77-BE08565222A5}.Debug|x64.Build.0 = Debug|x64
		{B3D61020-49E4-4EB9-BD77-BE08565222A5}.Debug|x64.Deploy.0 = Debug|x64
		{B3D61020-49E4-4EB9-BD77-BE08565222A5}.Debug|x86.ActiveCfg = Debug|x86
		{B3D61020-49E4-4EB9-BD77-BE08565222A5}.Debug|x86.Build.0 = Debug|x86
		{B3D61020-49E4-4EB9-BD77-BE08565222A5}.Debug|x86.Deploy.0 = Debug|x86
		{B3D61020-49E4-4EB9-BD77-BE08565222A5}.Release|Any CPU.ActiveCfg = Release|Any CPU
		{B3D61020-49E4-4EB9-BD77-BE08565222A5}.Release|Any CPU.Build.0 = Release|Any CPU
		{B3D61020-49E4-4EB9-BD77-BE08565222A5}.Release|Any CPU.Deploy.0 = Release|Any CPU
		{B3D61020-49E4-4EB9-BD77-BE08565222A5}.Release|ARM.ActiveCfg = Release|ARM
		{B3D61020-49E4-4EB9-BD77-BE08565222A5}.Release|ARM.Build.0 = Release|ARM
		{B3D61020-49E4-4EB9-BD77-BE08565222A5}.Release|ARM.Deploy.0 = Release|ARM
		{B3D61020-49E4-4EB9-BD77-BE08565222A5}.Release|x64.ActiveCfg = Release|x64
		{B3D61020-49E4-4EB9-BD77-BE08565222A5}.Release|x64.Build.0 = Release|x64
		{B3D61020-49E4-4EB9-BD77-BE08565222A5}.Release|x64.Deploy.0 = Release|x64
		{B3D61020-49E4-4EB9-BD77-BE08565222A5}.Release|x86.ActiveCfg = Release|x86
		{B3D61020-49E4-4EB9-BD77-BE08565222A5}.Release|x86.Build.0 = Release|x86
		{B3D61020-49E4-4EB9-BD77-BE08565222A5}.Release|x86.Deploy.0 = Release|x86
	EndGlobalSection
	GlobalSection(SolutionProperties) = preSolution
		HideSolutionNode = FALSE
	EndGlobalSection
EndGlobal
